
Microsoft Visual Studio Solution File, Format Version 12.00
# Visual Studio Version 17
VisualStudioVersion = 17.4.33927.135
MinimumVisualStudioVersion = 10.0.40219.1
Project("{FAE04EC0-301F-11D3-BF4B-00C04F79EFBC}") = "RPBPacketGenerator", "RPBPacketGenerator\RPBPacketGenerator.csproj", "{41C7ECE2-5AFB-430D-B0B2-967BF0EF6802}"
EndProject
Global
	GlobalSection(SolutionConfigurationPlatforms) = preSolution
		Debug|Any CPU = Debug|Any CPU
		Release|Any CPU = Release|Any CPU
	EndGlobalSection
	GlobalSection(ProjectConfigurationPlatforms) = postSolution
		{41C7ECE2-5AFB-430D-B0B2-967BF0EF6802}.Debug|Any CPU.ActiveCfg = Debug|Any CPU
		{41C7ECE2-5AFB-430D-B0B2-967BF0EF6802}.Debug|Any CPU.Build.0 = Debug|Any CPU
		{41C7ECE2-5AFB-430D-B0B2-967BF0EF6802}.Release|Any CPU.ActiveCfg = Release|Any CPU
		{41C7ECE2-5AFB-430D-B0B2-967BF0EF6802}.Release|Any CPU.Build.0 = Release|Any CPU
	EndGlobalSection
	GlobalSection(SolutionProperties) = preSolution
		HideSolutionNode = FALSE
	EndGlobalSection
	GlobalSection(ExtensibilityGlobals) = postSolution
		SolutionGuid = {834F2EAF-8153-48D0-9B72-83BB1516E90D}
	EndGlobalSection
EndGlobal
